{
  "nodes": {
    "flake-utils": {
      "inputs": {
        "systems": "systems"
      },
      "locked": {
        "lastModified": 1681202837,
        "narHash": "sha256-H+Rh19JDwRtpVPAWp64F+rlEtxUWBAQW28eAi3SRSzg=",
        "owner": "numtide",
        "repo": "flake-utils",
        "rev": "cfacdce06f30d2b68473a46042957675eebb3401",
        "type": "github"
      },
      "original": {
        "owner": "numtide",
        "repo": "flake-utils",
        "type": "github"
      }
    },
    "hedley-src": {
      "flake": false,
      "locked": {
        "lastModified": 1612500162,
        "narHash": "sha256-cXiqP6oUJiNTLZamgzUWyGyBKM5WBqF6ZPyPuR87Ihk=",
        "owner": "nemequ",
        "repo": "hedley",
        "rev": "8fb0604a8095f6c907378cc3f0391520ae843f6f",
        "type": "github"
      },
      "original": {
        "owner": "nemequ",
        "ref": "v15",
        "repo": "hedley",
        "type": "github"
      }
    },
    "nixpkgs": {
      "locked": {
        "lastModified": 1681693905,
        "narHash": "sha256-XdXMvCt+i2ZcmAIPZvu3RUwcdaC9OX7d1WMAJJokzeA=",
        "owner": "NixOS",
        "repo": "nixpkgs",
        "rev": "db34d7561caa508ece0265a56f382c5d3b7a6c1b",
        "type": "github"
      },
      "original": {
        "id": "nixpkgs",
        "type": "indirect"
      }
    },
    "predef-src": {
      "flake": false,
      "locked": {
        "lastModified": 1441903980,
        "narHash": "sha256-e3In7l8/EmSBCKmLWM0zOfh8fF/8PydZOxeLBb0g038=",
        "owner": "natefoo",
        "repo": "predef",
        "rev": "eb6c42a829b53763bd2da209799bf98f5723211d",
        "type": "github"
      },
      "original": {
        "owner": "natefoo",
        "repo": "predef",
        "type": "github"
      }
    },
    "root": {
      "inputs": {
        "flake-utils": "flake-utils",
        "hedley-src": "hedley-src",
        "nixpkgs": "nixpkgs",
        "predef-src": "predef-src"
      }
    },
    "systems": {
      "locked": {
        "lastModified": 1681028828,
        "narHash": "sha256-Vy1rq5AaRuLzOxct8nz4T6wlgyUR7zLU309k9mBC768=",
        "owner": "nix-systems",
        "repo": "default",
        "rev": "da67096a3b9bf56a91d16901293e51ba5b49a27e",
        "type": "github"
      },
      "original": {
        "owner": "nix-systems",
        "repo": "default",
        "type": "github"
      }
    }
  },
  "root": "root",
  "version": 7
}
